// !$*UTF8*$!
{
	archiveVersion = 1;
	classes = {
	};
	objectVersion = 50;
	objects = {

/* Begin PBXBuildFile section */
		41CBD869248FD71D00D2B386 /* AppDelegate.swift in Sources */ = {isa = PBXBuildFile; fileRef = 41CBD868248FD71D00D2B386 /* AppDelegate.swift */; };
		41CBD86B248FD71D00D2B386 /* SceneDelegate.swift in Sources */ = {isa = PBXBuildFile; fileRef = 41CBD86A248FD71D00D2B386 /* SceneDelegate.swift */; };
		41CBD86D248FD71D00D2B386 /* ViewController.swift in Sources */ = {isa = PBXBuildFile; fileRef = 41CBD86C248FD71D00D2B386 /* ViewController.swift */; };
		41CBD870248FD71D00D2B386 /* Main.storyboard in Resources */ = {isa = PBXBuildFile; fileRef = 41CBD86E248FD71D00D2B386 /* Main.storyboard */; };
		41CBD873248FD71D00D2B386 /* accessing_camera.xcdatamodeld in Sources */ = {isa = PBXBuildFile; fileRef = 41CBD871248FD71D00D2B386 /* accessing_camera.xcdatamodeld */; };
		41CBD875248FD72700D2B386 /* Assets.xcassets in Resources */ = {isa = PBXBuildFile; fileRef = 41CBD874248FD72700D2B386 /* Assets.xcassets */; };
		41CBD878248FD72700D2B386 /* LaunchScreen.storyboard in Resources */ = {isa = PBXBuildFile; fileRef = 41CBD876248FD72700D2B386 /* LaunchScreen.storyboard */; };
/* End PBXBuildFile section */

/* Begin PBXFileReference section */
		41CBD865248FD71D00D2B386 /* accessing camera.app */ = {isa = PBXFileReference; explicitFileType = wrapper.application; includeInIndex = 0; path = "accessing camera.app"; sourceTree = BUILT_PRODUCTS_DIR; };
		41CBD868248FD71D00D2B386 /* AppDelegate.swift */ = {isa = PBXFileReference; lastKnownFileType = sourcecode.swift; path = AppDelegate.swift; sourceTree = "<group>"; };
		41CBD86A248FD71D00D2B386 /* SceneDelegate.swift */ = {isa = PBXFileReference; lastKnownFileType = sourcecode.swift; path = SceneDelegate.swift; sourceTree = "<group>"; };
		41CBD86C248FD71D00D2B386 /* ViewController.swift */ = {isa = PBXFileReference; lastKnownFileType = sourcecode.swift; path = ViewController.swift; sourceTree = "<group>"; };
		41CBD86F248FD71D00D2B386 /* Base */ = {isa = PBXFileReference; lastKnownFileType = file.storyboard; name = Base; path = Base.lproj/Main.storyboard; sourceTree = "<group>"; };
		41CBD872248FD71D00D2B386 /* accessing_camera.xcdatamodel */ = {isa = PBXFileReference; lastKnownFileType = wrapper.xcdatamodel; path = accessing_camera.xcdatamodel; sourceTree = "<group>"; };
		41CBD874248FD72700D2B386 /* Assets.xcassets */ = {isa = PBXFileReference; lastKnownFileType = folder.assetcatalog; path = Assets.xcassets; sourceTree = "<group>"; };
		41CBD877248FD72700D2B386 /* Base */ = {isa = PBXFileReference; lastKnownFileType = file.storyboard; name = Base; path = Base.lproj/LaunchScreen.storyboard; sourceTree = "<group>"; };
		41CBD879248FD72700D2B386 /* Info.plist */ = {isa = PBXFileReference; lastKnownFileType = text.plist.xml; path = Info.plist; sourceTree = "<group>"; };
/* End PBXFileReference section */

/* Begin PBXFrameworksBuildPhase section */
		41CBD862248FD71D00D2B386 /* Frameworks */ = {
			isa = PBXFrameworksBuildPhase;
			buildActionMask = 2147483647;
			files = (
			);
			runOnlyForDeploymentPostprocessing = 0;
		};
/* End PBXFrameworksBuildPhase section */

/* Begin PBXGroup section */
		41CBD85C248FD71D00D2B386 = {
			isa = PBXGroup;
			children = (
				41CBD867248FD71D00D2B386 /* accessing camera */,
				41CBD866248FD71D00D2B386 /* Products */,
			);
			sourceTree = "<group>";
		};
		41CBD866248FD71D00D2B386 /* Products */ = {
			isa = PBXGroup;
			children = (
				41CBD865248FD71D00D2B386 /* accessing camera.app */,
			);
			name = Products;
			sourceTree = "<group>";
		};
		41CBD867248FD71D00D2B386 /* accessing camera */ = {
			isa = PBXGroup;
			children = (
				41CBD868248FD71D00D2B386 /* AppDelegate.swift */,
				41CBD86A248FD71D00D2B386 /* SceneDelegate.swift */,
				41CBD86C248FD71D00D2B386 /* ViewController.swift */,
				41CBD86E248FD71D00D2B386 /* Main.storyboard */,
				41CBD874248FD72700D2B386 /* Assets.xcassets */,
				41CBD876248FD72700D2B386 /* LaunchScreen.storyboard */,
				41CBD879248FD72700D2B386 /* Info.plist */,
				41CBD871248FD71D00D2B386 /* accessing_camera.xcdatamodeld */,
			);
			path = "accessing camera";
			sourceTree = "<group>";
		};
/* End PBXGroup section */

/* Begin PBXNativeTarget section */
		41CBD864248FD71D00D2B386 /* accessing camera */ = {
			isa = PBXNativeTarget;
			buildConfigurationList = 41CBD87C248FD72700D2B386 /* Build configuration list for PBXNativeTarget "accessing camera" */;
			buildPhases = (
				41CBD861248FD71D00D2B386 /* Sources */,
				41CBD862248FD71D00D2B386 /* Frameworks */,
				41CBD863248FD71D00D2B386 /* Resources */,
			);
			buildRules = (
			);
			dependencies = (
			);
			name = "accessing camera";
			productName = "accessing camera";
			productReference = 41CBD865248FD71D00D2B386 /* accessing camera.app */;
			productType = "com.apple.product-type.application";
		};
/* End PBXNativeTarget section */

/* Begin PBXProject section */
		41CBD85D248FD71D00D2B386 /* Project object */ = {
			isa = PBXProject;
			attributes = {
				LastSwiftUpdateCheck = 1150;
				LastUpgradeCheck = 1150;
				ORGANIZATIONNAME = "Danielle Ho";
				TargetAttributes = {
					41CBD864248FD71D00D2B386 = {
						CreatedOnToolsVersion = 11.5;
					};
				};
			};
			buildConfigurationList = 41CBD860248FD71D00D2B386 /* Build configuration list for PBXProject "accessing camera" */;
			compatibilityVersion = "Xcode 9.3";
			developmentRegion = en;
			hasScannedForEncodings = 0;
			knownRegions = (
				en,
				Base,
			);
			mainGroup = 41CBD85C248FD71D00D2B386;
			productRefGroup = 41CBD866248FD71D00D2B386 /* Products */;
			projectDirPath = "";
			projectRoot = "";
			targets = (
				41CBD864248FD71D00D2B386 /* accessing camera */,
			);
		};
/* End PBXProject section */

/* Begin PBXResourcesBuildPhase section */
		41CBD863248FD71D00D2B386 /* Resources */ = {
			isa = PBXResourcesBuildPhase;
			buildActionMask = 2147483647;
			files = (
				41CBD878248FD72700D2B386 /* LaunchScreen.storyboard in Resources */,
				41CBD875248FD72700D2B386 /* Assets.xcassets in Resources */,
				41CBD870248FD71D00D2B386 /* Main.storyboard in Resources */,
			);
			runOnlyForDeploymentPostprocessing = 0;
		};
/* End PBXResourcesBuildPhase section */

/* Begin PBXSourcesBuildPhase section */
		41CBD861248FD71D00D2B386 /* Sources */ = {
			isa = PBXSourcesBuildPhase;
			buildActionMask = 2147483647;
			files = (
				41CBD86D248FD71D00D2B386 /* ViewController.swift in Sources */,
				41CBD873248FD71D00D2B386 /* accessing_camera.xcdatamodeld in Sources */,
				41CBD869248FD71D00D2B386 /* AppDelegate.swift in Sources */,
				41CBD86B248FD71D00D2B386 /* SceneDelegate.swift in Sources */,
			);
			runOnlyForDeploymentPostprocessing = 0;
		};
/* End PBXSourcesBuildPhase section */

/* Begin PBXVariantGroup section */
		41CBD86E248FD71D00D2B386 /* Main.storyboard */ = {
			isa = PBXVariantGroup;
			children = (
				41CBD86F248FD71D00D2B386 /* Base */,
			);
			name = Main.storyboard;
			sourceTree = "<group>";
		};
		41CBD876248FD72700D2B386 /* LaunchScreen.storyboard */ = {
			isa = PBXVariantGroup;
			children = (
				41CBD877248FD72700D2B386 /* Base */,
			);
			name = LaunchScreen.storyboard;
			sourceTree = "<group>";
		};
/* End PBXVariantGroup section */

/* Begin XCBuildConfiguration section */
		41CBD87A248FD72700D2B386 /* Debug */ = {
			isa = XCBuildConfiguration;
			buildSettings = {
				ALWAYS_SEARCH_USER_PATHS = NO;
				CLANG_ANALYZER_NONNULL = YES;
				CLANG_ANALYZER_NUMBER_OBJECT_CONVERSION = YES_AGGRESSIVE;
				CLANG_CXX_LANGUAGE_STANDARD = "gnu++14";
				CLANG_CXX_LIBRARY = "libc++";
				CLANG_ENABLE_MODULES = YES;
				CLANG_ENABLE_OBJC_ARC = YES;
				CLANG_ENABLE_OBJC_WEAK = YES;
				CLANG_WARN_BLOCK_CAPTURE_AUTORELEASING = YES;
				CLANG_WARN_BOOL_CONVERSION = YES;
				CLANG_WARN_COMMA = YES;
				CLANG_WARN_CONSTANT_CONVERSION = YES;
				CLANG_WARN_DEPRECATED_OBJC_IMPLEMENTATIONS = YES;
				CLANG_WARN_DIRECT_OBJC_ISA_USAGE = YES_ERROR;
				CLANG_WARN_DOCUMENTATION_COMMENTS = YES;
				CLANG_WARN_EMPTY_BODY = YES;
				CLANG_WARN_ENUM_CONVERSION = YES;
				CLANG_WARN_INFINITE_RECURSION = YES;
				CLANG_WARN_INT_CONVERSION = YES;
				CLANG_WARN_NON_LITERAL_NULL_CONVERSION = YES;
				CLANG_WARN_OBJC_IMPLICIT_RETAIN_SELF = YES;
				CLANG_WARN_OBJC_LITERAL_CONVERSION = YES;
				CLANG_WARN_OBJC_ROOT_CLASS = YES_ERROR;
				CLANG_WARN_RANGE_LOOP_ANALYSIS = YES;
				CLANG_WARN_STRICT_PROTOTYPES = YES;
				CLANG_WARN_SUSPICIOUS_MOVE = YES;
				CLANG_WARN_UNGUARDED_AVAILABILITY = YES_AGGRESSIVE;
				CLANG_WARN_UNREACHABLE_CODE = YES;
				CLANG_WARN__DUPLICATE_METHOD_MATCH = YES;
				COPY_PHASE_STRIP = NO;
				DEBUG_INFORMATION_FORMAT = dwarf;
				ENABLE_STRICT_OBJC_MSGSEND = YES;
				ENABLE_TESTABILITY = YES;
				GCC_C_LANGUAGE_STANDARD = gnu11;
				GCC_DYNAMIC_NO_PIC = NO;
				GCC_NO_COMMON_BLOCKS = YES;
				GCC_OPTIMIZATION_LEVEL = 0;
				GCC_PREPROCESSOR_DEFINITIONS = (
					"DEBUG=1",
					"$(inherited)",
				);
				GCC_WARN_64_TO_32_BIT_CONVERSION = YES;
				GCC_WARN_ABOUT_RETURN_TYPE = YES_ERROR;
				GCC_WARN_UNDECLARED_SELECTOR = YES;
				GCC_WARN_UNINITIALIZED_AUTOS = YES_AGGRESSIVE;
				GCC_WARN_UNUSED_FUNCTION = YES;
				GCC_WARN_UNUSED_VARIABLE = YES;
				IPHONEOS_DEPLOYMENT_TARGET = 13.5;
				MTL_ENABLE_DEBUG_INFO = INCLUDE_SOURCE;
				MTL_FAST_MATH = YES;
				ONLY_ACTIVE_ARCH = YES;
				SDKROOT = iphoneos;
				SWIFT_ACTIVE_COMPILATION_CONDITIONS = DEBUG;
				SWIFT_OPTIMIZATION_LEVEL = "-Onone";
			};
			name = Debug;
		};
		41CBD87B248FD72700D2B386 /* Release */ = {
			isa = XCBuildConfiguration;
			buildSettings = {
				ALWAYS_SEARCH_USER_PATHS = NO;
				CLANG_ANALYZER_NONNULL = YES;
				CLANG_ANALYZER_NUMBER_OBJECT_CONVERSION = YES_AGGRESSIVE;
				CLANG_CXX_LANGUAGE_STANDARD = "gnu++14";
				CLANG_CXX_LIBRARY = "libc++";
				CLANG_ENABLE_MODULES = YES;
				CLANG_ENABLE_OBJC_ARC = YES;
				CLANG_ENABLE_OBJC_WEAK = YES;
				CLANG_WARN_BLOCK_CAPTURE_AUTORELEASING = YES;
				CLANG_WARN_BOOL_CONVERSION = YES;
				CLANG_WARN_COMMA = YES;
				CLANG_WARN_CONSTANT_CONVERSION = YES;
				CLANG_WARN_DEPRECATED_OBJC_IMPLEMENTATIONS = YES;
				CLANG_WARN_DIRECT_OBJC_ISA_USAGE = YES_ERROR;
				CLANG_WARN_DOCUMENTATION_COMMENTS = YES;
				CLANG_WARN_EMPTY_BODY = YES;
				CLANG_WARN_ENUM_CONVERSION = YES;
				CLANG_WARN_INFINITE_RECURSION = YES;
				CLANG_WARN_INT_CONVERSION = YES;
				CLANG_WARN_NON_LITERAL_NULL_CONVERSION = YES;
				CLANG_WARN_OBJC_IMPLICIT_RETAIN_SELF = YES;
				CLANG_WARN_OBJC_LITERAL_CONVERSION = YES;
				CLANG_WARN_OBJC_ROOT_CLASS = YES_ERROR;
				CLANG_WARN_RANGE_LOOP_ANALYSIS = YES;
				CLANG_WARN_STRICT_PROTOTYPES = YES;
				CLANG_WARN_SUSPICIOUS_MOVE = YES;
				CLANG_WARN_UNGUARDED_AVAILABILITY = YES_AGGRESSIVE;
				CLANG_WARN_UNREACHABLE_CODE = YES;
				CLANG_WARN__DUPLICATE_METHOD_MATCH = YES;
				COPY_PHASE_STRIP = NO;
				DEBUG_INFORMATION_FORMAT = "dwarf-with-dsym";
				ENABLE_NS_ASSERTIONS = NO;
				ENABLE_STRICT_OBJC_MSGSEND = YES;
				GCC_C_LANGUAGE_STANDARD = gnu11;
				GCC_NO_COMMON_BLOCKS = YES;
				GCC_WARN_64_TO_32_BIT_CONVERSION = YES;
				GCC_WARN_ABOUT_RETURN_TYPE = YES_ERROR;
				GCC_WARN_UNDECLARED_SELECTOR = YES;
				GCC_WARN_UNINITIALIZED_AUTOS = YES_AGGRESSIVE;
				GCC_WARN_UNUSED_FUNCTION = YES;
				GCC_WARN_UNUSED_VARIABLE = YES;
				IPHONEOS_DEPLOYMENT_TARGET = 13.5;
				MTL_ENABLE_DEBUG_INFO = NO;
				MTL_FAST_MATH = YES;
				SDKROOT = iphoneos;
				SWIFT_COMPILATION_MODE = wholemodule;
				SWIFT_OPTIMIZATION_LEVEL = "-O";
				VALIDATE_PRODUCT = YES;
			};
			name = Release;
		};
		41CBD87D248FD72700D2B386 /* Debug */ = {
			isa = XCBuildConfiguration;
			buildSettings = {
				ASSETCATALOG_COMPILER_APPICON_NAME = AppIcon;
				CODE_SIGN_STYLE = Automatic;
				INFOPLIST_FILE = "accessing camera/Info.plist";
				LD_RUNPATH_SEARCH_PATHS = (
					"$(inherited)",
					"@executable_path/Frameworks",
				);
				PRODUCT_BUNDLE_IDENTIFIER = "Danielle.accessing-camera";
				PRODUCT_NAME = "$(TARGET_NAME)";
				SWIFT_VERSION = 5.0;
				TARGETED_DEVICE_FAMILY = "1,2";
			};
			name = Debug;
		};
		41CBD87E248FD72700D2B386 /* Release */ = {
			isa = XCBuildConfiguration;
			buildSettings = {
				ASSETCATALOG_COMPILER_APPICON_NAME = AppIcon;
				CODE_SIGN_STYLE = Automatic;
				INFOPLIST_FILE = "accessing camera/Info.plist";
				LD_RUNPATH_SEARCH_PATHS = (
					"$(inherited)",
					"@executable_path/Frameworks",
				);
				PRODUCT_BUNDLE_IDENTIFIER = "Danielle.accessing-camera";
				PRODUCT_NAME = "$(TARGET_NAME)";
				SWIFT_VERSION = 5.0;
				TARGETED_DEVICE_FAMILY = "1,2";
			};
			name = Release;
		};
/* End XCBuildConfiguration section */

/* Begin XCConfigurationList section */
		41CBD860248FD71D00D2B386 /* Build configuration list for PBXProject "accessing camera" */ = {
			isa = XCConfigurationList;
			buildConfigurations = (
				41CBD87A248FD72700D2B386 /* Debug */,
				41CBD87B248FD72700D2B386 /* Release */,
			);
			defaultConfigurationIsVisible = 0;
			defaultConfigurationName = Release;
		};
		41CBD87C248FD72700D2B386 /* Build configuration list for PBXNativeTarget "accessing camera" */ = {
			isa = XCConfigurationList;
			buildConfigurations = (
				41CBD87D248FD72700D2B386 /* Debug */,
				41CBD87E248FD72700D2B386 /* Release */,
			);
			defaultConfigurationIsVisible = 0;
			defaultConfigurationName = Release;
		};
/* End XCConfigurationList section */

/* Begin XCVersionGroup section */
		41CBD871248FD71D00D2B386 /* accessing_camera.xcdatamodeld */ = {
			isa = XCVersionGroup;
			children = (
				41CBD872248FD71D00D2B386 /* accessing_camera.xcdatamodel */,
			);
			currentVersion = 41CBD872248FD71D00D2B386 /* accessing_camera.xcdatamodel */;
			path = accessing_camera.xcdatamodeld;
			sourceTree = "<group>";
			versionGroupType = wrapper.xcdatamodel;
		};
/* End XCVersionGroup section */
	};
	rootObject = 41CBD85D248FD71D00D2B386 /* Project object */;
}
